// !$*UTF8*$!
{
	archiveVersion = 1;
	classes = {
	};
	objectVersion = 46;
	objects = {

/* Begin PBXBuildFile section */
		AE5248601CDBB05B003B7454 /* AppDelegate.swift in Sources */ = {isa = PBXBuildFile; fileRef = AE52485F1CDBB05B003B7454 /* AppDelegate.swift */; };
		AE5248621CDBB05B003B7454 /* RealmVideoViewController.swift in Sources */ = {isa = PBXBuildFile; fileRef = AE5248611CDBB05B003B7454 /* RealmVideoViewController.swift */; };
		AE5248651CDBB05B003B7454 /* Main.storyboard in Resources */ = {isa = PBXBuildFile; fileRef = AE5248631CDBB05B003B7454 /* Main.storyboard */; };
		AE5248671CDBB05B003B7454 /* Assets.xcassets in Resources */ = {isa = PBXBuildFile; fileRef = AE5248661CDBB05B003B7454 /* Assets.xcassets */; };
		AE52486A1CDBB05B003B7454 /* LaunchScreen.storyboard in Resources */ = {isa = PBXBuildFile; fileRef = AE5248681CDBB05B003B7454 /* LaunchScreen.storyboard */; };
		AEB1B9FB1CDC02360037D310 /* WelcomeViewController.swift in Sources */ = {isa = PBXBuildFile; fileRef = AEB1B9FA1CDC02360037D310 /* WelcomeViewController.swift */; };
/* End PBXBuildFile section */

/* Begin PBXFileReference section */
		AE52485C1CDBB05B003B7454 /* RealmVideo.app */ = {isa = PBXFileReference; explicitFileType = wrapper.application; includeInIndex = 0; path = RealmVideo.app; sourceTree = BUILT_PRODUCTS_DIR; };
		AE52485F1CDBB05B003B7454 /* AppDelegate.swift */ = {isa = PBXFileReference; lastKnownFileType = sourcecode.swift; path = AppDelegate.swift; sourceTree = "<group>"; };
		AE5248611CDBB05B003B7454 /* RealmVideoViewController.swift */ = {isa = PBXFileReference; lastKnownFileType = sourcecode.swift; path = RealmVideoViewController.swift; sourceTree = "<group>"; };
		AE5248641CDBB05B003B7454 /* Base */ = {isa = PBXFileReference; lastKnownFileType = file.storyboard; name = Base; path = Base.lproj/Main.storyboard; sourceTree = "<group>"; };
		AE5248661CDBB05B003B7454 /* Assets.xcassets */ = {isa = PBXFileReference; lastKnownFileType = folder.assetcatalog; path = Assets.xcassets; sourceTree = "<group>"; };
		AE5248691CDBB05B003B7454 /* Base */ = {isa = PBXFileReference; lastKnownFileType = file.storyboard; name = Base; path = Base.lproj/LaunchScreen.storyboard; sourceTree = "<group>"; };
		AE52486B1CDBB05B003B7454 /* Info.plist */ = {isa = PBXFileReference; lastKnownFileType = text.plist.xml; path = Info.plist; sourceTree = "<group>"; };
		AEB1B9FA1CDC02360037D310 /* WelcomeViewController.swift */ = {isa = PBXFileReference; fileEncoding = 4; lastKnownFileType = sourcecode.swift; path = WelcomeViewController.swift; sourceTree = "<group>"; };
/* End PBXFileReference section */

/* Begin PBXFrameworksBuildPhase section */
		AE5248591CDBB05B003B7454 /* Frameworks */ = {
			isa = PBXFrameworksBuildPhase;
			buildActionMask = 2147483647;
			files = (
			);
			runOnlyForDeploymentPostprocessing = 0;
		};
/* End PBXFrameworksBuildPhase section */

/* Begin PBXGroup section */
		AE5248531CDBB05B003B7454 = {
			isa = PBXGroup;
			children = (
				AE52485E1CDBB05B003B7454 /* RealmVideo */,
				AE52485D1CDBB05B003B7454 /* Products */,
			);
			sourceTree = "<group>";
		};
		AE52485D1CDBB05B003B7454 /* Products */ = {
			isa = PBXGroup;
			children = (
				AE52485C1CDBB05B003B7454 /* RealmVideo.app */,
			);
			name = Products;
			sourceTree = "<group>";
		};
		AE52485E1CDBB05B003B7454 /* RealmVideo */ = {
			isa = PBXGroup;
			children = (
				AE52485F1CDBB05B003B7454 /* AppDelegate.swift */,
				AEB1B9FA1CDC02360037D310 /* WelcomeViewController.swift */,
				AE5248611CDBB05B003B7454 /* RealmVideoViewController.swift */,
				AE5248631CDBB05B003B7454 /* Main.storyboard */,
				AE5248661CDBB05B003B7454 /* Assets.xcassets */,
				AE5248681CDBB05B003B7454 /* LaunchScreen.storyboard */,
				AE52486B1CDBB05B003B7454 /* Info.plist */,
			);
			path = RealmVideo;
			sourceTree = "<group>";
		};
/* End PBXGroup section */

/* Begin PBXNativeTarget section */
		AE52485B1CDBB05B003B7454 /* RealmVideo */ = {
			isa = PBXNativeTarget;
			buildConfigurationList = AE52486E1CDBB05B003B7454 /* Build configuration list for PBXNativeTarget "RealmVideo" */;
			buildPhases = (
				AE5248581CDBB05B003B7454 /* Sources */,
				AE5248591CDBB05B003B7454 /* Frameworks */,
				AE52485A1CDBB05B003B7454 /* Resources */,
			);
			buildRules = (
			);
			dependencies = (
			);
			name = RealmVideo;
			productName = RealmVideo;
			productReference = AE52485C1CDBB05B003B7454 /* RealmVideo.app */;
			productType = "com.apple.product-type.application";
		};
/* End PBXNativeTarget section */

/* Begin PBXProject section */
		AE5248541CDBB05B003B7454 /* Project object */ = {
			isa = PBXProject;
			attributes = {
				LastSwiftUpdateCheck = 0730;
				LastUpgradeCheck = 0730;
				ORGANIZATIONNAME = "Patrick Balestra";
				TargetAttributes = {
					AE52485B1CDBB05B003B7454 = {
						CreatedOnToolsVersion = 7.3;
					};
				};
			};
			buildConfigurationList = AE5248571CDBB05B003B7454 /* Build configuration list for PBXProject "RealmVideo" */;
			compatibilityVersion = "Xcode 3.2";
			developmentRegion = English;
			hasScannedForEncodings = 0;
			knownRegions = (
				en,
				Base,
			);
			mainGroup = AE5248531CDBB05B003B7454;
			productRefGroup = AE52485D1CDBB05B003B7454 /* Products */;
			projectDirPath = "";
			projectRoot = "";
			targets = (
				AE52485B1CDBB05B003B7454 /* RealmVideo */,
			);
		};
/* End PBXProject section */

/* Begin PBXResourcesBuildPhase section */
		AE52485A1CDBB05B003B7454 /* Resources */ = {
			isa = PBXResourcesBuildPhase;
			buildActionMask = 2147483647;
			files = (
				AE52486A1CDBB05B003B7454 /* LaunchScreen.storyboard in Resources */,
				AE5248671CDBB05B003B7454 /* Assets.xcassets in Resources */,
				AE5248651CDBB05B003B7454 /* Main.storyboard in Resources */,
			);
			runOnlyForDeploymentPostprocessing = 0;
		};
/* End PBXResourcesBuildPhase section */

/* Begin PBXSourcesBuildPhase section */
		AE5248581CDBB05B003B7454 /* Sources */ = {
			isa = PBXSourcesBuildPhase;
			buildActionMask = 2147483647;
			files = (
				AEB1B9FB1CDC02360037D310 /* WelcomeViewController.swift in Sources */,
				AE5248621CDBB05B003B7454 /* RealmVideoViewController.swift in Sources */,
				AE5248601CDBB05B003B7454 /* AppDelegate.swift in Sources */,
			);
			runOnlyForDeploymentPostprocessing = 0;
		};
/* End PBXSourcesBuildPhase section */

/* Begin PBXVariantGroup section */
		AE5248631CDBB05B003B7454 /* Main.storyboard */ = {
			isa = PBXVariantGroup;
			children = (
				AE5248641CDBB05B003B7454 /* Base */,
			);
			name = Main.storyboard;
			sourceTree = "<group>";
		};
		AE5248681CDBB05B003B7454 /* LaunchScreen.storyboard */ = {
			isa = PBXVariantGroup;
			children = (
				AE5248691CDBB05B003B7454 /* Base */,
			);
			name = LaunchScreen.storyboard;
			sourceTree = "<group>";
		};
/* End PBXVariantGroup section */

/* Begin XCBuildConfiguration section */
		AE52486C1CDBB05B003B7454 /* Debug */ = {
			isa = XCBuildConfiguration;
			buildSettings = {
				ALWAYS_SEARCH_USER_PATHS = NO;
				CLANG_ANALYZER_NONNULL = YES;
				CLANG_CXX_LANGUAGE_STANDARD = "gnu++0x";
				CLANG_CXX_LIBRARY = "libc++";
				CLANG_ENABLE_MODULES = YES;
				CLANG_ENABLE_OBJC_ARC = YES;
				CLANG_WARN_BOOL_CONVERSION = YES;
				CLANG_WARN_CONSTANT_CONVERSION = YES;
				CLANG_WARN_DIRECT_OBJC_ISA_USAGE = YES_ERROR;
				CLANG_WARN_EMPTY_BODY = YES;
				CLANG_WARN_ENUM_CONVERSION = YES;
				CLANG_WARN_INT_CONVERSION = YES;
				CLANG_WARN_OBJC_ROOT_CLASS = YES_ERROR;
				CLANG_WARN_UNREACHABLE_CODE = YES;
				CLANG_WARN__DUPLICATE_METHOD_MATCH = YES;
				"CODE_SIGN_IDENTITY[sdk=iphoneos*]" = "iPhone Developer";
				COPY_PHASE_STRIP = NO;
				DEBUG_INFORMATION_FORMAT = dwarf;
				ENABLE_STRICT_OBJC_MSGSEND = YES;
				ENABLE_TESTABILITY = YES;
				GCC_C_LANGUAGE_STANDARD = gnu99;
				GCC_DYNAMIC_NO_PIC = NO;
				GCC_NO_COMMON_BLOCKS = YES;
				GCC_OPTIMIZATION_LEVEL = 0;
				GCC_PREPROCESSOR_DEFINITIONS = (
					"DEBUG=1",
					"$(inherited)",
				);
				GCC_WARN_64_TO_32_BIT_CONVERSION = YES;
				GCC_WARN_ABOUT_RETURN_TYPE = YES_ERROR;
				GCC_WARN_UNDECLARED_SELECTOR = YES;
				GCC_WARN_UNINITIALIZED_AUTOS = YES_AGGRESSIVE;
				GCC_WARN_UNUSED_FUNCTION = YES;
				GCC_WARN_UNUSED_VARIABLE = YES;
				IPHONEOS_DEPLOYMENT_TARGET = 9.3;
				MTL_ENABLE_DEBUG_INFO = YES;
				ONLY_ACTIVE_ARCH = YES;
				SDKROOT = iphoneos;
				SWIFT_OPTIMIZATION_LEVEL = "-Onone";
			};
			name = Debug;
		};
		AE52486D1CDBB05B003B7454 /* Release */ = {
			isa = XCBuildConfiguration;
			buildSettings = {
				ALWAYS_SEARCH_USER_PATHS = NO;
				CLANG_ANALYZER_NONNULL = YES;
				CLANG_CXX_LANGUAGE_STANDARD = "gnu++0x";
				CLANG_CXX_LIBRARY = "libc++";
				CLANG_ENABLE_MODULES = YES;
				CLANG_ENABLE_OBJC_ARC = YES;
				CLANG_WARN_BOOL_CONVERSION = YES;
				CLANG_WARN_CONSTANT_CONVERSION = YES;
				CLANG_WARN_DIRECT_OBJC_ISA_USAGE = YES_ERROR;
				CLANG_WARN_EMPTY_BODY = YES;
				CLANG_WARN_ENUM_CONVERSION = YES;
				CLANG_WARN_INT_CONVERSION = YES;
				CLANG_WARN_OBJC_ROOT_CLASS = YES_ERROR;
				CLANG_WARN_UNREACHABLE_CODE = YES;
				CLANG_WARN__DUPLICATE_METHOD_MATCH = YES;
				"CODE_SIGN_IDENTITY[sdk=iphoneos*]" = "iPhone Developer";
				COPY_PHASE_STRIP = NO;
				DEBUG_INFORMATION_FORMAT = "dwarf-with-dsym";
				ENABLE_NS_ASSERTIONS = NO;
				ENABLE_STRICT_OBJC_MSGSEND = YES;
				GCC_C_LANGUAGE_STANDARD = gnu99;
				GCC_NO_COMMON_BLOCKS = YES;
				GCC_WARN_64_TO_32_BIT_CONVERSION = YES;
				GCC_WARN_ABOUT_RETURN_TYPE = YES_ERROR;
				GCC_WARN_UNDECLARED_SELECTOR = YES;
				GCC_WARN_UNINITIALIZED_AUTOS = YES_AGGRESSIVE;
				GCC_WARN_UNUSED_FUNCTION = YES;
				GCC_WARN_UNUSED_VARIABLE = YES;
				IPHONEOS_DEPLOYMENT_TARGET = 9.3;
				MTL_ENABLE_DEBUG_INFO = NO;
				SDKROOT = iphoneos;
				VALIDATE_PRODUCT = YES;
			};
			name = Release;
		};
		AE52486F1CDBB05B003B7454 /* Debug */ = {
			isa = XCBuildConfiguration;
			buildSettings = {
				ASSETCATALOG_COMPILER_APPICON_NAME = AppIcon;
				INFOPLIST_FILE = RealmVideo/Info.plist;
				LD_RUNPATH_SEARCH_PATHS = "$(inherited) @executable_path/Frameworks";
				PRODUCT_BUNDLE_IDENTIFIER = com.patrickbalestra.RealmVideo;
				PRODUCT_NAME = "$(TARGET_NAME)";
			};
			name = Debug;
		};
		AE5248701CDBB05B003B7454 /* Release */ = {
			isa = XCBuildConfiguration;
			buildSettings = {
				ASSETCATALOG_COMPILER_APPICON_NAME = AppIcon;
				INFOPLIST_FILE = RealmVideo/Info.plist;
				LD_RUNPATH_SEARCH_PATHS = "$(inherited) @executable_path/Frameworks";
				PRODUCT_BUNDLE_IDENTIFIER = com.patrickbalestra.RealmVideo;
				PRODUCT_NAME = "$(TARGET_NAME)";
			};
			name = Release;
		};
/* End XCBuildConfiguration section */

/* Begin XCConfigurationList section */
		AE5248571CDBB05B003B7454 /* Build configuration list for PBXProject "RealmVideo" */ = {
			isa = XCConfigurationList;
			buildConfigurations = (
				AE52486C1CDBB05B003B7454 /* Debug */,
				AE52486D1CDBB05B003B7454 /* Release */,
			);
			defaultConfigurationIsVisible = 0;
			defaultConfigurationName = Release;
		};
		AE52486E1CDBB05B003B7454 /* Build configuration list for PBXNativeTarget "RealmVideo" */ = {
			isa = XCConfigurationList;
			buildConfigurations = (
				AE52486F1CDBB05B003B7454 /* Debug */,
				AE5248701CDBB05B003B7454 /* Release */,
			);
			defaultConfigurationIsVisible = 0;
			defaultConfigurationName = Release;
		};
/* End XCConfigurationList section */
	};
	rootObject = AE5248541CDBB05B003B7454 /* Project object */;
}
